
Microsoft Visual Studio Solution File, Format Version 12.00
# Visual Studio Version 17
VisualStudioVersion = 17.9.34728.123
MinimumVisualStudioVersion = 10.0.40219.1
Project("{FAE04EC0-301F-11D3-BF4B-00C04F79EFBC}") = "AdmixerHedgehogTest", "AdmixerHedgehogTest\AdmixerHedgehogTest.csproj", "{734C3652-93BB-423F-9675-F27E5E059C5F}"
EndProject
Global
	GlobalSection(SolutionConfigurationPlatforms) = preSolution
		Debug|Any CPU = Debug|Any CPU
		Release|Any CPU = Release|Any CPU
	EndGlobalSection
	GlobalSection(ProjectConfigurationPlatforms) = postSolution
		{734C3652-93BB-423F-9675-F27E5E059C5F}.Debug|Any CPU.ActiveCfg = Debug|Any CPU
		{734C3652-93BB-423F-9675-F27E5E059C5F}.Debug|Any CPU.Build.0 = Debug|Any CPU
		{734C3652-93BB-423F-9675-F27E5E059C5F}.Release|Any CPU.ActiveCfg = Release|Any CPU
		{734C3652-93BB-423F-9675-F27E5E059C5F}.Release|Any CPU.Build.0 = Release|Any CPU
	EndGlobalSection
	GlobalSection(SolutionProperties) = preSolution
		HideSolutionNode = FALSE
	EndGlobalSection
	GlobalSection(ExtensibilityGlobals) = postSolution
		SolutionGuid = {C4BEFA62-AC78-4D22-A261-2BF61761EAE7}
	EndGlobalSection
EndGlobal
